
Microsoft Visual Studio Solution File, Format Version 12.00
# Visual Studio Version 16
VisualStudioVersion = 16.0.32002.261
MinimumVisualStudioVersion = 10.0.40219.1
Project("{FAE04EC0-301F-11D3-BF4B-00C04F79EFBC}") = "Deli_Inventory", "Deli_Inventory\Deli_Inventory.csproj", "{9F995434-12B4-4ADB-8339-2FF41F0D2489}"
EndProject
Global
	GlobalSection(SolutionConfigurationPlatforms) = preSolution
		Debug|Any CPU = Debug|Any CPU
		Release|Any CPU = Release|Any CPU
	EndGlobalSection
	GlobalSection(ProjectConfigurationPlatforms) = postSolution
		{9F995434-12B4-4ADB-8339-2FF41F0D2489}.Debug|Any CPU.ActiveCfg = Debug|Any CPU
		{9F995434-12B4-4ADB-8339-2FF41F0D2489}.Debug|Any CPU.Build.0 = Debug|Any CPU
		{9F995434-12B4-4ADB-8339-2FF41F0D2489}.Release|Any CPU.ActiveCfg = Release|Any CPU
		{9F995434-12B4-4ADB-8339-2FF41F0D2489}.Release|Any CPU.Build.0 = Release|Any CPU
	EndGlobalSection
	GlobalSection(SolutionProperties) = preSolution
		HideSolutionNode = FALSE
	EndGlobalSection
	GlobalSection(ExtensibilityGlobals) = postSolution
		SolutionGuid = {CE21B6B9-386E-44EC-8DEE-F506A87F68EA}
	EndGlobalSection
EndGlobal
